
Microsoft Visual Studio Solution File, Format Version 12.00
# Visual Studio 15
VisualStudioVersion = 15.0.27703.2042
MinimumVisualStudioVersion = 10.0.40219.1
Project("{FAE04EC0-301F-11D3-BF4B-00C04F79EFBC}") = "Travel.Android", "Travel\Travel.Android\Travel.Android.csproj", "{CBA7A461-1629-43CD-B3CC-3EFFF5084EAC}"
EndProject
Project("{FAE04EC0-301F-11D3-BF4B-00C04F79EFBC}") = "Travel.iOS", "Travel\Travel.iOS\Travel.iOS.csproj", "{F4F9E244-3F72-4EBB-B36F-3C24B8A8FBC3}"
EndProject
Project("{FAE04EC0-301F-11D3-BF4B-00C04F79EFBC}") = "Travel", "Travel\Travel\Travel.csproj", "{03FE6B44-A5F7-4B97-AD4C-0FA23A2776E4}"
EndProject
Global
	GlobalSection(SolutionConfigurationPlatforms) = preSolution
		Ad-Hoc|Any CPU = Ad-Hoc|Any CPU
		Ad-Hoc|iPhone = Ad-Hoc|iPhone
		Ad-Hoc|iPhoneSimulator = Ad-Hoc|iPhoneSimulator
		AppStore|Any CPU = AppStore|Any CPU
		AppStore|iPhone = AppStore|iPhone
		AppStore|iPhoneSimulator = AppStore|iPhoneSimulator
		Debug|Any CPU = Debug|Any CPU
		Debug|iPhone = Debug|iPhone
		Debug|iPhoneSimulator = Debug|iPhoneSimulator
		Release|Any CPU = Release|Any CPU
		Release|iPhone = Release|iPhone
		Release|iPhoneSimulator = Release|iPhoneSimulator
	EndGlobalSection
	GlobalSection(ProjectConfigurationPlatforms) = postSolution
		{CBA7A461-1629-43CD-B3CC-3EFFF5084EAC}.Ad-Hoc|Any CPU.ActiveCfg = Release|Any CPU
		{CBA7A461-1629-43CD-B3CC-3EFFF5084EAC}.Ad-Hoc|Any CPU.Build.0 = Release|Any CPU
		{CBA7A461-1629-43CD-B3CC-3EFFF5084EAC}.Ad-Hoc|Any CPU.Deploy.0 = Release|Any CPU
		{CBA7A461-1629-43CD-B3CC-3EFFF5084EAC}.Ad-Hoc|iPhone.ActiveCfg = Release|Any CPU
		{CBA7A461-1629-43CD-B3CC-3EFFF5084EAC}.Ad-Hoc|iPhone.Build.0 = Release|Any CPU
		{CBA7A461-1629-43CD-B3CC-3EFFF5084EAC}.Ad-Hoc|iPhone.Deploy.0 = Release|Any CPU
		{CBA7A461-1629-43CD-B3CC-3EFFF5084EAC}.Ad-Hoc|iPhoneSimulator.ActiveCfg = Release|Any CPU
		{CBA7A461-1629-43CD-B3CC-3EFFF5084EAC}.Ad-Hoc|iPhoneSimulator.Build.0 = Release|Any CPU
		{CBA7A461-1629-43CD-B3CC-3EFFF5084EAC}.Ad-Hoc|iPhoneSimulator.Deploy.0 = Release|Any CPU
		{CBA7A461-1629-43CD-B3CC-3EFFF5084EAC}.AppStore|Any CPU.ActiveCfg = Release|Any CPU
		{CBA7A461-1629-43CD-B3CC-3EFFF5084EAC}.AppStore|Any CPU.Build.0 = Release|Any CPU
		{CBA7A461-1629-43CD-B3CC-3EFFF5084EAC}.AppStore|Any CPU.Deploy.0 = Release|Any CPU
		{CBA7A461-1629-43CD-B3CC-3EFFF5084EAC}.AppStore|iPhone.ActiveCfg = Release|Any CPU
		{CBA7A461-1629-43CD-B3CC-3EFFF5084EAC}.AppStore|iPhone.Build.0 = Release|Any CPU
		{CBA7A461-1629-43CD-B3CC-3EFFF5084EAC}.AppStore|iPhone.Deploy.0 = Release|Any CPU
		{CBA7A461-1629-43CD-B3CC-3EFFF5084EAC}.AppStore|iPhoneSimulator.ActiveCfg = Release|Any CPU
		{CBA7A461-1629-43CD-B3CC-3EFFF5084EAC}.AppStore|iPhoneSimulator.Build.0 = Release|Any CPU
		{CBA7A461-1629-43CD-B3CC-3EFFF5084EAC}.AppStore|iPhoneSimulator.Deploy.0 = Release|Any CPU
		{CBA7A461-1629-43CD-B3CC-3EFFF5084EAC}.Debug|Any CPU.ActiveCfg = Debug|Any CPU
		{CBA7A461-1629-43CD-B3CC-3EFFF5084EAC}.Debug|Any CPU.Build.0 = Debug|Any CPU
		{CBA7A461-1629-43CD-B3CC-3EFFF5084EAC}.Debug|Any CPU.Deploy.0 = Debug|Any CPU
		{CBA7A461-1629-43CD-B3CC-3EFFF5084EAC}.Debug|iPhone.ActiveCfg = Debug|Any CPU
		{CBA7A461-1629-43CD-B3CC-3EFFF5084EAC}.Debug|iPhone.Build.0 = Debug|Any CPU
		{CBA7A461-1629-43CD-B3CC-3EFFF5084EAC}.Debug|iPhone.Deploy.0 = Debug|Any CPU
		{CBA7A461-1629-43CD-B3CC-3EFFF5084EAC}.Debug|iPhoneSimulator.ActiveCfg = Debug|Any CPU
		{CBA7A461-1629-43CD-B3CC-3EFFF5084EAC}.Debug|iPhoneSimulator.Build.0 = Debug|Any CPU
		{CBA7A461-1629-43CD-B3CC-3EFFF5084EAC}.Debug|iPhoneSimulator.Deploy.0 = Debug|Any CPU
		{CBA7A461-1629-43CD-B3CC-3EFFF5084EAC}.Release|Any CPU.ActiveCfg = Release|Any CPU
		{CBA7A461-1629-43CD-B3CC-3EFFF5084EAC}.Release|Any CPU.Build.0 = Release|Any CPU
		{CBA7A461-1629-43CD-B3CC-3EFFF5084EAC}.Release|Any CPU.Deploy.0 = Release|Any CPU
		{CBA7A461-1629-43CD-B3CC-3EFFF5084EAC}.Release|iPhone.ActiveCfg = Release|Any CPU
		{CBA7A461-1629-43CD-B3CC-3EFFF5084EAC}.Release|iPhone.Build.0 = Release|Any CPU
		{CBA7A461-1629-43CD-B3CC-3EFFF5084EAC}.Release|iPhone.Deploy.0 = Release|Any CPU
		{CBA7A461-1629-43CD-B3CC-3EFFF5084EAC}.Release|iPhoneSimulator.ActiveCfg = Release|Any CPU
		{CBA7A461-1629-43CD-B3CC-3EFFF5084EAC}.Release|iPhoneSimulator.Build.0 = Release|Any CPU
		{CBA7A461-1629-43CD-B3CC-3EFFF5084EAC}.Release|iPhoneSimulator.Deploy.0 = Release|Any CPU
		{F4F9E244-3F72-4EBB-B36F-3C24B8A8FBC3}.Ad-Hoc|Any CPU.ActiveCfg = Ad-Hoc|iPhone
		{F4F9E244-3F72-4EBB-B36F-3C24B8A8FBC3}.Ad-Hoc|Any CPU.Build.0 = Ad-Hoc|iPhone
		{F4F9E244-3F72-4EBB-B36F-3C24B8A8FBC3}.Ad-Hoc|Any CPU.Deploy.0 = Ad-Hoc|iPhone
		{F4F9E244-3F72-4EBB-B36F-3C24B8A8FBC3}.Ad-Hoc|iPhone.ActiveCfg = Ad-Hoc|iPhone
		{F4F9E244-3F72-4EBB-B36F-3C24B8A8FBC3}.Ad-Hoc|iPhone.Build.0 = Ad-Hoc|iPhone
		{F4F9E244-3F72-4EBB-B36F-3C24B8A8FBC3}.Ad-Hoc|iPhone.Deploy.0 = Ad-Hoc|iPhone
		{F4F9E244-3F72-4EBB-B36F-3C24B8A8FBC3}.Ad-Hoc|iPhoneSimulator.ActiveCfg = Ad-Hoc|iPhoneSimulator
		{F4F9E244-3F72-4EBB-B36F-3C24B8A8FBC3}.Ad-Hoc|iPhoneSimulator.Build.0 = Ad-Hoc|iPhoneSimulator
		{F4F9E244-3F72-4EBB-B36F-3C24B8A8FBC3}.Ad-Hoc|iPhoneSimulator.Deploy.0 = Ad-Hoc|iPhoneSimulator
		{F4F9E244-3F72-4EBB-B36F-3C24B8A8FBC3}.AppStore|Any CPU.ActiveCfg = AppStore|iPhone
		{F4F9E244-3F72-4EBB-B36F-3C24B8A8FBC3}.AppStore|Any CPU.Build.0 = AppStore|iPhone
		{F4F9E244-3F72-4EBB-B36F-3C24B8A8FBC3}.AppStore|Any CPU.Deploy.0 = AppStore|iPhone
		{F4F9E244-3F72-4EBB-B36F-3C24B8A8FBC3}.AppStore|iPhone.ActiveCfg = AppStore|iPhone
		{F4F9E244-3F72-4EBB-B36F-3C24B8A8FBC3}.AppStore|iPhone.Build.0 = AppStore|iPhone
		{F4F9E244-3F72-4EBB-B36F-3C24B8A8FBC3}.AppStore|iPhone.Deploy.0 = AppStore|iPhone
		{F4F9E244-3F72-4EBB-B36F-3C24B8A8FBC3}.AppStore|iPhoneSimulator.ActiveCfg = AppStore|iPhoneSimulator
		{F4F9E244-3F72-4EBB-B36F-3C24B8A8FBC3}.AppStore|iPhoneSimulator.Build.0 = AppStore|iPhoneSimulator
		{F4F9E244-3F72-4EBB-B36F-3C24B8A8FBC3}.AppStore|iPhoneSimulator.Deploy.0 = AppStore|iPhoneSimulator
		{F4F9E244-3F72-4EBB-B36F-3C24B8A8FBC3}.Debug|Any CPU.ActiveCfg = Debug|iPhoneSimulator
		{F4F9E244-3F72-4EBB-B36F-3C24B8A8FBC3}.Debug|Any CPU.Build.0 = Debug|iPhoneSimulator
		{F4F9E244-3F72-4EBB-B36F-3C24B8A8FBC3}.Debug|Any CPU.Deploy.0 = Debug|iPhoneSimulator
		{F4F9E244-3F72-4EBB-B36F-3C24B8A8FBC3}.Debug|iPhone.ActiveCfg = Debug|iPhone
		{F4F9E244-3F72-4EBB-B36F-3C24B8A8FBC3}.Debug|iPhone.Build.0 = Debug|iPhone
		{F4F9E244-3F72-4EBB-B36F-3C24B8A8FBC3}.Debug|iPhone.Deploy.0 = Debug|iPhone
		{F4F9E244-3F72-4EBB-B36F-3C24B8A8FBC3}.Debug|iPhoneSimulator.ActiveCfg = Debug|iPhoneSimulator
		{F4F9E244-3F72-4EBB-B36F-3C24B8A8FBC3}.Debug|iPhoneSimulator.Build.0 = Debug|iPhoneSimulator
		{F4F9E244-3F72-4EBB-B36F-3C24B8A8FBC3}.Debug|iPhoneSimulator.Deploy.0 = Debug|iPhoneSimulator
		{F4F9E244-3F72-4EBB-B36F-3C24B8A8FBC3}.Release|Any CPU.ActiveCfg = Release|iPhone
		{F4F9E244-3F72-4EBB-B36F-3C24B8A8FBC3}.Release|Any CPU.Build.0 = Release|iPhone
		{F4F9E244-3F72-4EBB-B36F-3C24B8A8FBC3}.Release|Any CPU.Deploy.0 = Release|iPhone
		{F4F9E244-3F72-4EBB-B36F-3C24B8A8FBC3}.Release|iPhone.ActiveCfg = Release|iPhone
		{F4F9E244-3F72-4EBB-B36F-3C24B8A8FBC3}.Release|iPhone.Build.0 = Release|iPhone
		{F4F9E244-3F72-4EBB-B36F-3C24B8A8FBC3}.Release|iPhone.Deploy.0 = Release|iPhone
		{F4F9E244-3F72-4EBB-B36F-3C24B8A8FBC3}.Release|iPhoneSimulator.ActiveCfg = Release|iPhoneSimulator
		{F4F9E244-3F72-4EBB-B36F-3C24B8A8FBC3}.Release|iPhoneSimulator.Build.0 = Release|iPhoneSimulator
		{F4F9E244-3F72-4EBB-B36F-3C24B8A8FBC3}.Release|iPhoneSimulator.Deploy.0 = Release|iPhoneSimulator
		{03FE6B44-A5F7-4B97-AD4C-0FA23A2776E4}.Ad-Hoc|Any CPU.ActiveCfg = Debug|Any CPU
		{03FE6B44-A5F7-4B97-AD4C-0FA23A2776E4}.Ad-Hoc|Any CPU.Build.0 = Debug|Any CPU
		{03FE6B44-A5F7-4B97-AD4C-0FA23A2776E4}.Ad-Hoc|Any CPU.Deploy.0 = Debug|Any CPU
		{03FE6B44-A5F7-4B97-AD4C-0FA23A2776E4}.Ad-Hoc|iPhone.ActiveCfg = Debug|Any CPU
		{03FE6B44-A5F7-4B97-AD4C-0FA23A2776E4}.Ad-Hoc|iPhone.Build.0 = Debug|Any CPU
		{03FE6B44-A5F7-4B97-AD4C-0FA23A2776E4}.Ad-Hoc|iPhone.Deploy.0 = Debug|Any CPU
		{03FE6B44-A5F7-4B97-AD4C-0FA23A2776E4}.Ad-Hoc|iPhoneSimulator.ActiveCfg = Debug|Any CPU
		{03FE6B44-A5F7-4B97-AD4C-0FA23A2776E4}.Ad-Hoc|iPhoneSimulator.Build.0 = Debug|Any CPU
		{03FE6B44-A5F7-4B97-AD4C-0FA23A2776E4}.Ad-Hoc|iPhoneSimulator.Deploy.0 = Debug|Any CPU
		{03FE6B44-A5F7-4B97-AD4C-0FA23A2776E4}.AppStore|Any CPU.ActiveCfg = Debug|Any CPU
		{03FE6B44-A5F7-4B97-AD4C-0FA23A2776E4}.AppStore|Any CPU.Build.0 = Debug|Any CPU
		{03FE6B44-A5F7-4B97-AD4C-0FA23A2776E4}.AppStore|Any CPU.Deploy.0 = Debug|Any CPU
		{03FE6B44-A5F7-4B97-AD4C-0FA23A2776E4}.AppStore|iPhone.ActiveCfg = Debug|Any CPU
		{03FE6B44-A5F7-4B97-AD4C-0FA23A2776E4}.AppStore|iPhone.Build.0 = Debug|Any CPU
		{03FE6B44-A5F7-4B97-AD4C-0FA23A2776E4}.AppStore|iPhone.Deploy.0 = Debug|Any CPU
		{03FE6B44-A5F7-4B97-AD4C-0FA23A2776E4}.AppStore|iPhoneSimulator.ActiveCfg = Debug|Any CPU
		{03FE6B44-A5F7-4B97-AD4C-0FA23A2776E4}.AppStore|iPhoneSimulator.Build.0 = Debug|Any CPU
		{03FE6B44-A5F7-4B97-AD4C-0FA23A2776E4}.AppStore|iPhoneSimulator.Deploy.0 = Debug|Any CPU
		{03FE6B44-A5F7-4B97-AD4C-0FA23A2776E4}.Debug|Any CPU.ActiveCfg = Debug|Any CPU
		{03FE6B44-A5F7-4B97-AD4C-0FA23A2776E4}.Debug|Any CPU.Build.0 = Debug|Any CPU
		{03FE6B44-A5F7-4B97-AD4C-0FA23A2776E4}.Debug|Any CPU.Deploy.0 = Debug|Any CPU
		{03FE6B44-A5F7-4B97-AD4C-0FA23A2776E4}.Debug|iPhone.ActiveCfg = Debug|Any CPU
		{03FE6B44-A5F7-4B97-AD4C-0FA23A2776E4}.Debug|iPhone.Build.0 = Debug|Any CPU
		{03FE6B44-A5F7-4B97-AD4C-0FA23A2776E4}.Debug|iPhone.Deploy.0 = Debug|Any CPU
		{03FE6B44-A5F7-4B97-AD4C-0FA23A2776E4}.Debug|iPhoneSimulator.ActiveCfg = Debug|Any CPU
		{03FE6B44-A5F7-4B97-AD4C-0FA23A2776E4}.Debug|iPhoneSimulator.Build.0 = Debug|Any CPU
		{03FE6B44-A5F7-4B97-AD4C-0FA23A2776E4}.Debug|iPhoneSimulator.Deploy.0 = Debug|Any CPU
		{03FE6B44-A5F7-4B97-AD4C-0FA23A2776E4}.Release|Any CPU.ActiveCfg = Release|Any CPU
		{03FE6B44-A5F7-4B97-AD4C-0FA23A2776E4}.Release|Any CPU.Build.0 = Release|Any CPU
		{03FE6B44-A5F7-4B97-AD4C-0FA23A2776E4}.Release|Any CPU.Deploy.0 = Release|Any CPU
		{03FE6B44-A5F7-4B97-AD4C-0FA23A2776E4}.Release|iPhone.ActiveCfg = Release|Any CPU
		{03FE6B44-A5F7-4B97-AD4C-0FA23A2776E4}.Release|iPhone.Build.0 = Release|Any CPU
		{03FE6B44-A5F7-4B97-AD4C-0FA23A2776E4}.Release|iPhone.Deploy.0 = Release|Any CPU
		{03FE6B44-A5F7-4B97-AD4C-0FA23A2776E4}.Release|iPhoneSimulator.ActiveCfg = Release|Any CPU
		{03FE6B44-A5F7-4B97-AD4C-0FA23A2776E4}.Release|iPhoneSimulator.Build.0 = Release|Any CPU
		{03FE6B44-A5F7-4B97-AD4C-0FA23A2776E4}.Release|iPhoneSimulator.Deploy.0 = Release|Any CPU
	EndGlobalSection
	GlobalSection(SolutionProperties) = preSolution
		HideSolutionNode = FALSE
	EndGlobalSection
	GlobalSection(ExtensibilityGlobals) = postSolution
		SolutionGuid = {6781F09A-7096-4797-B4E3-ECB7B9A59C13}
	EndGlobalSection
EndGlobal
